
Microsoft Visual Studio Solution File, Format Version 12.00
# Visual Studio 15
VisualStudioVersion = 15.0.28307.572
MinimumVisualStudioVersion = 10.0.40219.1
Project("{FAE04EC0-301F-11D3-BF4B-00C04F79EFBC}") = "ConsoleApp1", "ConsoleApp1\ConsoleApp1.csproj", "{0520353E-1A1E-4F22-9237-5D01FB7E65FB}"
EndProject
Global
	GlobalSection(SolutionConfigurationPlatforms) = preSolution
		Debug|Any CPU = Debug|Any CPU
		Release|Any CPU = Release|Any CPU
	EndGlobalSection
	GlobalSection(ProjectConfigurationPlatforms) = postSolution
		{0520353E-1A1E-4F22-9237-5D01FB7E65FB}.Debug|Any CPU.ActiveCfg = Debug|Any CPU
		{0520353E-1A1E-4F22-9237-5D01FB7E65FB}.Debug|Any CPU.Build.0 = Debug|Any CPU
		{0520353E-1A1E-4F22-9237-5D01FB7E65FB}.Release|Any CPU.ActiveCfg = Release|Any CPU
		{0520353E-1A1E-4F22-9237-5D01FB7E65FB}.Release|Any CPU.Build.0 = Release|Any CPU
	EndGlobalSection
	GlobalSection(SolutionProperties) = preSolution
		HideSolutionNode = FALSE
	EndGlobalSection
	GlobalSection(ExtensibilityGlobals) = postSolution
		SolutionGuid = {FB2B0A02-BD01-485E-BD2E-576546D1E109}
	EndGlobalSection
EndGlobal
